{
    "_readme": [
        "This file locks the dependencies of your project to a known state",
        "Read more about it at https://getcomposer.org/doc/01-basic-usage.md#installing-dependencies",
        "This file is @generated automatically"
    ],
    "content-hash": "39f8ddf4a7b4fac70ee6133871f9f9db",
    "packages": [
        {
            "name": "codeigniter/framework",
            "version": "3.1.10",
            "source": {
                "type": "git",
                "url": "https://github.com/bcit-ci/CodeIgniter.git",
                "reference": "c576995304fc3609cca0b7b92d1b2cd611ec82f5"
            },
            "dist": {
                "type": "zip",
                "url": "https://api.github.com/repos/bcit-ci/CodeIgniter/zipball/c576995304fc3609cca0b7b92d1b2cd611ec82f5",
                "reference": "c576995304fc3609cca0b7b92d1b2cd611ec82f5",
                "shasum": ""
            },
            "require": {
                "php": ">=5.3.7"
            },
            "require-dev": {
                "mikey179/vfsstream": "1.1.*",
                "phpunit/phpunit": "4.* || 5.*"
            },
            "suggest": {
                "paragonie/random_compat": "Provides better randomness in PHP 5.x"
            },
            "type": "project",
            "notification-url": "https://packagist.org/downloads/",
            "license": [
                "MIT"
            ],
            "description": "The CodeIgniter framework",
            "homepage": "https://codeigniter.com",
            "time": "2019-01-16T15:49:35+00:00"
        },
        {
            "name": "container-interop/container-interop",
            "version": "1.2.0",
            "source": {
                "type": "git",
                "url": "https://github.com/container-interop/container-interop.git",
                "reference": "79cbf1341c22ec75643d841642dd5d6acd83bdb8"
            },
            "dist": {
                "type": "zip",
                "url": "https://api.github.com/repos/container-interop/container-interop/zipball/79cbf1341c22ec75643d841642dd5d6acd83bdb8",
                "reference": "79cbf1341c22ec75643d841642dd5d6acd83bdb8",
                "shasum": ""
            },
            "require": {
                "psr/container": "^1.0"
            },
            "type": "library",
            "autoload": {
                "psr-4": {
                    "Interop\\Container\\": "src/Interop/Container/"
                }
            },
            "notification-url": "https://packagist.org/downloads/",
            "license": [
                "MIT"
            ],
            "description": "Promoting the interoperability of container objects (DIC, SL, etc.)",
            "homepage": "https://github.com/container-interop/container-interop",
            "time": "2017-02-14T19:40:03+00:00"
        },
        {
            "name": "defuse/php-encryption",
            "version": "v2.2.1",
            "source": {
                "type": "git",
                "url": "https://github.com/defuse/php-encryption.git",
                "reference": "0f407c43b953d571421e0020ba92082ed5fb7620"
            },
            "dist": {
                "type": "zip",
                "url": "https://api.github.com/repos/defuse/php-encryption/zipball/0f407c43b953d571421e0020ba92082ed5fb7620",
                "reference": "0f407c43b953d571421e0020ba92082ed5fb7620",
                "shasum": ""
            },
            "require": {
                "ext-openssl": "*",
                "paragonie/random_compat": ">= 2",
                "php": ">=5.4.0"
            },
            "require-dev": {
                "nikic/php-parser": "^2.0|^3.0|^4.0",
                "phpunit/phpunit": "^4|^5"
            },
            "bin": [
                "bin/generate-defuse-key"
            ],
            "type": "library",
            "autoload": {
                "psr-4": {
                    "Defuse\\Crypto\\": "src"
                }
            },
            "notification-url": "https://packagist.org/downloads/",
            "license": [
                "MIT"
            ],
            "authors": [
                {
                    "name": "Taylor Hornby",
                    "email": "taylor@defuse.ca",
                    "homepage": "https://defuse.ca/"
                },
                {
                    "name": "Scott Arciszewski",
                    "email": "info@paragonie.com",
                    "homepage": "https://paragonie.com"
                }
            ],
            "description": "Secure PHP Encryption Library",
            "keywords": [
                "aes",
                "authenticated encryption",
                "cipher",
                "crypto",
                "cryptography",
                "encrypt",
                "encryption",
                "openssl",
                "security",
                "symmetric key cryptography"
            ],
            "time": "2018-07-24T23:27:56+00:00"
        },
        {
            "name": "google/recaptcha",
            "version": "1.2.2",
            "source": {
                "type": "git",
                "url": "https://github.com/google/recaptcha.git",
                "reference": "c4a17d6af648d4f3814430cd103cba50b75b571c"
            },
            "dist": {
                "type": "zip",
                "url": "https://api.github.com/repos/google/recaptcha/zipball/c4a17d6af648d4f3814430cd103cba50b75b571c",
                "reference": "c4a17d6af648d4f3814430cd103cba50b75b571c",
                "shasum": ""
            },
            "require": {
                "php": ">=5.5"
            },
            "require-dev": {
                "friendsofphp/php-cs-fixer": "^2.2.20|^2.15",
                "php-coveralls/php-coveralls": "^2.1",
                "phpunit/phpunit": "^4.8.36|^5.7.27|^6.59|^7.5.11"
            },
            "type": "library",
            "extra": {
                "branch-alias": {
                    "dev-master": "1.2.x-dev"
                }
            },
            "autoload": {
                "psr-4": {
                    "ReCaptcha\\": "src/ReCaptcha"
                }
            },
            "notification-url": "https://packagist.org/downloads/",
            "license": [
                "BSD-3-Clause"
            ],
            "description": "Client library for reCAPTCHA, a free service that protects websites from spam and abuse.",
            "homepage": "https://www.google.com/recaptcha/",
            "keywords": [
                "Abuse",
                "captcha",
                "recaptcha",
                "spam"
            ],
            "time": "2019-05-24T12:44:03+00:00"
        },
        {
            "name": "michelf/php-markdown",
            "version": "1.8.0",
            "source": {
                "type": "git",
                "url": "https://github.com/michelf/php-markdown.git",
                "reference": "01ab082b355bf188d907b9929cd99b2923053495"
            },
            "dist": {
                "type": "zip",
                "url": "https://api.github.com/repos/michelf/php-markdown/zipball/01ab082b355bf188d907b9929cd99b2923053495",
                "reference": "01ab082b355bf188d907b9929cd99b2923053495",
                "shasum": ""
            },
            "require": {
                "php": ">=5.3.0"
            },
            "type": "library",
            "autoload": {
                "psr-4": {
                    "Michelf\\": "Michelf/"
                }
            },
            "notification-url": "https://packagist.org/downloads/",
            "license": [
                "BSD-3-Clause"
            ],
            "authors": [
                {
                    "name": "Michel Fortin",
                    "email": "michel.fortin@michelf.ca",
                    "homepage": "https://michelf.ca/",
                    "role": "Developer"
                },
                {
                    "name": "John Gruber",
                    "homepage": "https://daringfireball.net/"
                }
            ],
            "description": "PHP Markdown",
            "homepage": "https://michelf.ca/projects/php-markdown/",
            "keywords": [
                "markdown"
            ],
            "time": "2018-01-15T00:49:33+00:00"
        },
        {
            "name": "mikey179/vfsStream",
            "version": "v1.6.6",
            "source": {
                "type": "git",
                "url": "https://github.com/bovigo/vfsStream.git",
                "reference": "095238a0711c974ae5b4ebf4c4534a23f3f6c99d"
            },
            "dist": {
                "type": "zip",
                "url": "https://api.github.com/repos/bovigo/vfsStream/zipball/095238a0711c974ae5b4ebf4c4534a23f3f6c99d",
                "reference": "095238a0711c974ae5b4ebf4c4534a23f3f6c99d",
                "shasum": ""
            },
            "require": {
                "php": ">=5.3.0"
            },
            "require-dev": {
                "phpunit/phpunit": "~4.5"
            },
            "type": "library",
            "extra": {
                "branch-alias": {
                    "dev-master": "1.6.x-dev"
                }
            },
            "autoload": {
                "psr-0": {
                    "org\\bovigo\\vfs\\": "src/main/php"
                }
            },
            "notification-url": "https://packagist.org/downloads/",
            "license": [
                "BSD-3-Clause"
            ],
            "authors": [
                {
                    "name": "Frank Kleine",
                    "homepage": "http://frankkleine.de/",
                    "role": "Developer"
                }
            ],
            "description": "Virtual file system to mock the real file system in unit tests.",
            "homepage": "http://vfs.bovigo.org/",
            "time": "2019-04-08T13:54:32+00:00"
        },
        {
            "name": "mtdowling/cron-expression",
            "version": "v1.2.1",
            "source": {
                "type": "git",
                "url": "https://github.com/mtdowling/cron-expression.git",
                "reference": "9504fa9ea681b586028adaaa0877db4aecf32bad"
            },
            "dist": {
                "type": "zip",
                "url": "https://api.github.com/repos/mtdowling/cron-expression/zipball/9504fa9ea681b586028adaaa0877db4aecf32bad",
                "reference": "9504fa9ea681b586028adaaa0877db4aecf32bad",
                "shasum": ""
            },
            "require": {
                "php": ">=5.3.2"
            },
            "require-dev": {
                "phpunit/phpunit": "~4.0|~5.0"
            },
            "type": "library",
            "autoload": {
                "psr-4": {
                    "Cron\\": "src/Cron/"
                }
            },
            "notification-url": "https://packagist.org/downloads/",
            "license": [
                "MIT"
            ],
            "authors": [
                {
                    "name": "Michael Dowling",
                    "email": "mtdowling@gmail.com",
                    "homepage": "https://github.com/mtdowling"
                }
            ],
            "description": "CRON for PHP: Calculate the next or previous run date and determine if a CRON expression is due",
            "keywords": [
                "cron",
                "schedule"
            ],
            "time": "2017-01-23T04:29:33+00:00"
        },
        {
            "name": "paragonie/random_compat",
            "version": "v2.0.18",
            "source": {
                "type": "git",
                "url": "https://github.com/paragonie/random_compat.git",
                "reference": "0a58ef6e3146256cc3dc7cc393927bcc7d1b72db"
            },
            "dist": {
                "type": "zip",
                "url": "https://api.github.com/repos/paragonie/random_compat/zipball/0a58ef6e3146256cc3dc7cc393927bcc7d1b72db",
                "reference": "0a58ef6e3146256cc3dc7cc393927bcc7d1b72db",
                "shasum": ""
            },
            "require": {
                "php": ">=5.2.0"
            },
            "require-dev": {
                "phpunit/phpunit": "4.*|5.*"
            },
            "suggest": {
                "ext-libsodium": "Provides a modern crypto API that can be used to generate random bytes."
            },
            "type": "library",
            "autoload": {
                "files": [
                    "lib/random.php"
                ]
            },
            "notification-url": "https://packagist.org/downloads/",
            "license": [
                "MIT"
            ],
            "authors": [
                {
                    "name": "Paragon Initiative Enterprises",
                    "email": "security@paragonie.com",
                    "homepage": "https://paragonie.com"
                }
            ],
            "description": "PHP 5.x polyfill for random_bytes() and random_int() from PHP 7",
            "keywords": [
                "csprng",
                "polyfill",
                "pseudorandom",
                "random"
            ],
            "time": "2019-01-03T20:59:08+00:00"
        },
        {
            "name": "peppeocchi/php-cron-scheduler",
            "version": "v2.4",
            "source": {
                "type": "git",
                "url": "https://github.com/peppeocchi/php-cron-scheduler.git",
                "reference": "1b18892fdd4f9c913107fda1544ac402eb7ec6e5"
            },
            "dist": {
                "type": "zip",
                "url": "https://api.github.com/repos/peppeocchi/php-cron-scheduler/zipball/1b18892fdd4f9c913107fda1544ac402eb7ec6e5",
                "reference": "1b18892fdd4f9c913107fda1544ac402eb7ec6e5",
                "shasum": ""
            },
            "require": {
                "mtdowling/cron-expression": "~1.0",
                "php": ">=5.5.9"
            },
            "require-dev": {
                "phpunit/phpunit": "~5.7",
                "satooshi/php-coveralls": "^1.0",
                "swiftmailer/swiftmailer": "~5.4 || ^6.0"
            },
            "suggest": {
                "swiftmailer/swiftmailer": "Required to send the output of a job to email address/es (~5.4 || ^6.0)."
            },
            "type": "library",
            "autoload": {
                "psr-4": {
                    "GO\\": "src/GO/"
                }
            },
            "notification-url": "https://packagist.org/downloads/",
            "license": [
                "MIT"
            ],
            "authors": [
                {
                    "name": "Giuseppe Occhipinti",
                    "email": "peppeocchi@gmail.com"
                },
                {
                    "name": "Carsten Windler",
                    "email": "carsten@carstenwindler.de",
                    "homepage": "http://carstenwindler.de",
                    "role": "Contributor"
                }
            ],
            "description": "PHP Cron Job Scheduler",
            "keywords": [
                "cron job",
                "scheduler"
            ],
            "time": "2018-10-25T21:33:38+00:00"
        },
        {
            "name": "psr/container",
            "version": "1.0.0",
            "source": {
                "type": "git",
                "url": "https://github.com/php-fig/container.git",
                "reference": "b7ce3b176482dbbc1245ebf52b181af44c2cf55f"
            },
            "dist": {
                "type": "zip",
                "url": "https://api.github.com/repos/php-fig/container/zipball/b7ce3b176482dbbc1245ebf52b181af44c2cf55f",
                "reference": "b7ce3b176482dbbc1245ebf52b181af44c2cf55f",
                "shasum": ""
            },
            "require": {
                "php": ">=5.3.0"
            },
            "type": "library",
            "extra": {
                "branch-alias": {
                    "dev-master": "1.0.x-dev"
                }
            },
            "autoload": {
                "psr-4": {
                    "Psr\\Container\\": "src/"
                }
            },
            "notification-url": "https://packagist.org/downloads/",
            "license": [
                "MIT"
            ],
            "authors": [
                {
                    "name": "PHP-FIG",
                    "homepage": "http://www.php-fig.org/"
                }
            ],
            "description": "Common Container Interface (PHP FIG PSR-11)",
            "homepage": "https://github.com/php-fig/container",
            "keywords": [
                "PSR-11",
                "container",
                "container-interface",
                "container-interop",
                "psr"
            ],
            "time": "2017-02-14T16:28:37+00:00"
        },
        {
            "name": "pyrocms/lex",
            "version": "2.3.2",
            "source": {
                "type": "git",
                "url": "https://github.com/pyrocms/lex.git",
                "reference": "8617ceb3c1aaba84cfcc2ee063c98eca5c6700f5"
            },
            "dist": {
                "type": "zip",
                "url": "https://api.github.com/repos/pyrocms/lex/zipball/8617ceb3c1aaba84cfcc2ee063c98eca5c6700f5",
                "reference": "8617ceb3c1aaba84cfcc2ee063c98eca5c6700f5",
                "shasum": ""
            },
            "require": {
                "php": ">=5.3.0"
            },
            "replace": {
                "fuel/lex": "*"
            },
            "type": "library",
            "autoload": {
                "psr-0": {
                    "Lex": "lib/"
                }
            },
            "notification-url": "https://packagist.org/downloads/",
            "license": [
                "MIT"
            ],
            "authors": [
                {
                    "name": "Dan Horrigan",
                    "email": "dan@dhorrigan.com",
                    "homepage": "http://dhorrigan.com",
                    "role": "Lead Developer"
                }
            ],
            "description": "A lightweight template parser.",
            "keywords": [
                "parser",
                "template"
            ],
            "time": "2014-02-07T03:39:58+00:00"
        },
        {
            "name": "symfony/polyfill-mbstring",
            "version": "v1.11.0",
            "source": {
                "type": "git",
                "url": "https://github.com/symfony/polyfill-mbstring.git",
                "reference": "fe5e94c604826c35a32fa832f35bd036b6799609"
            },
            "dist": {
                "type": "zip",
                "url": "https://api.github.com/repos/symfony/polyfill-mbstring/zipball/fe5e94c604826c35a32fa832f35bd036b6799609",
                "reference": "fe5e94c604826c35a32fa832f35bd036b6799609",
                "shasum": ""
            },
            "require": {
                "php": ">=5.3.3"
            },
            "suggest": {
                "ext-mbstring": "For best performance"
            },
            "type": "library",
            "extra": {
                "branch-alias": {
                    "dev-master": "1.11-dev"
                }
            },
            "autoload": {
                "psr-4": {
                    "Symfony\\Polyfill\\Mbstring\\": ""
                },
                "files": [
                    "bootstrap.php"
                ]
            },
            "notification-url": "https://packagist.org/downloads/",
            "license": [
                "MIT"
            ],
            "authors": [
                {
                    "name": "Nicolas Grekas",
                    "email": "p@tchwork.com"
                },
                {
                    "name": "Symfony Community",
                    "homepage": "https://symfony.com/contributors"
                }
            ],
            "description": "Symfony polyfill for the Mbstring extension",
            "homepage": "https://symfony.com",
            "keywords": [
                "compatibility",
                "mbstring",
                "polyfill",
                "portable",
                "shim"
            ],
            "time": "2019-02-06T07:57:58+00:00"
        },
        {
            "name": "true/punycode",
            "version": "v2.1.1",
            "source": {
                "type": "git",
                "url": "https://github.com/true/php-punycode.git",
                "reference": "a4d0c11a36dd7f4e7cd7096076cab6d3378a071e"
            },
            "dist": {
                "type": "zip",
                "url": "https://api.github.com/repos/true/php-punycode/zipball/a4d0c11a36dd7f4e7cd7096076cab6d3378a071e",
                "reference": "a4d0c11a36dd7f4e7cd7096076cab6d3378a071e",
                "shasum": ""
            },
            "require": {
                "php": ">=5.3.0",
                "symfony/polyfill-mbstring": "^1.3"
            },
            "require-dev": {
                "phpunit/phpunit": "~4.7",
                "squizlabs/php_codesniffer": "~2.0"
            },
            "type": "library",
            "autoload": {
                "psr-4": {
                    "TrueBV\\": "src/"
                }
            },
            "notification-url": "https://packagist.org/downloads/",
            "license": [
                "MIT"
            ],
            "authors": [
                {
                    "name": "Renan Gonçalves",
                    "email": "renan.saddam@gmail.com"
                }
            ],
            "description": "A Bootstring encoding of Unicode for Internationalized Domain Names in Applications (IDNA)",
            "homepage": "https://github.com/true/php-punycode",
            "keywords": [
                "idna",
                "punycode"
            ],
            "time": "2016-11-16T10:37:54+00:00"
        },
        {
            "name": "zendframework/zend-escaper",
            "version": "2.6.0",
            "source": {
                "type": "git",
                "url": "https://github.com/zendframework/zend-escaper.git",
                "reference": "31d8aafae982f9568287cb4dce987e6aff8fd074"
            },
            "dist": {
                "type": "zip",
                "url": "https://api.github.com/repos/zendframework/zend-escaper/zipball/31d8aafae982f9568287cb4dce987e6aff8fd074",
                "reference": "31d8aafae982f9568287cb4dce987e6aff8fd074",
                "shasum": ""
            },
            "require": {
                "php": "^5.6 || ^7.0"
            },
            "require-dev": {
                "phpunit/phpunit": "^5.7.27 || ^6.5.8 || ^7.1.2",
                "zendframework/zend-coding-standard": "~1.0.0"
            },
            "type": "library",
            "extra": {
                "branch-alias": {
                    "dev-master": "2.6.x-dev",
                    "dev-develop": "2.7.x-dev"
                }
            },
            "autoload": {
                "psr-4": {
                    "Zend\\Escaper\\": "src/"
                }
            },
            "notification-url": "https://packagist.org/downloads/",
            "license": [
                "BSD-3-Clause"
            ],
            "description": "Securely and safely escape HTML, HTML attributes, JavaScript, CSS, and URLs",
            "keywords": [
                "ZendFramework",
                "escaper",
                "zf"
            ],
            "time": "2018-04-25T15:48:53+00:00"
        },
        {
            "name": "zendframework/zend-loader",
            "version": "2.6.0",
            "source": {
                "type": "git",
                "url": "https://github.com/zendframework/zend-loader.git",
                "reference": "78f11749ea340f6ca316bca5958eef80b38f9b6c"
            },
            "dist": {
                "type": "zip",
                "url": "https://api.github.com/repos/zendframework/zend-loader/zipball/78f11749ea340f6ca316bca5958eef80b38f9b6c",
                "reference": "78f11749ea340f6ca316bca5958eef80b38f9b6c",
                "shasum": ""
            },
            "require": {
                "php": "^5.6 || ^7.0"
            },
            "require-dev": {
                "phpunit/phpunit": "^5.7.27 || ^6.5.8 || ^7.1.4",
                "zendframework/zend-coding-standard": "~1.0.0"
            },
            "type": "library",
            "extra": {
                "branch-alias": {
                    "dev-master": "2.6.x-dev",
                    "dev-develop": "2.7.x-dev"
                }
            },
            "autoload": {
                "psr-4": {
                    "Zend\\Loader\\": "src/"
                }
            },
            "notification-url": "https://packagist.org/downloads/",
            "license": [
                "BSD-3-Clause"
            ],
            "description": "Autoloading and plugin loading strategies",
            "keywords": [
                "ZendFramework",
                "loader",
                "zf"
            ],
            "time": "2018-04-30T15:20:54+00:00"
        },
        {
            "name": "zendframework/zend-mail",
            "version": "2.10.0",
            "source": {
                "type": "git",
                "url": "https://github.com/zendframework/zend-mail.git",
                "reference": "d7beb63d5f7144a21ac100072c453e63860cdab8"
            },
            "dist": {
                "type": "zip",
                "url": "https://api.github.com/repos/zendframework/zend-mail/zipball/d7beb63d5f7144a21ac100072c453e63860cdab8",
                "reference": "d7beb63d5f7144a21ac100072c453e63860cdab8",
                "shasum": ""
            },
            "require": {
                "ext-iconv": "*",
                "php": "^5.6 || ^7.0",
                "true/punycode": "^2.1",
                "zendframework/zend-loader": "^2.5",
                "zendframework/zend-mime": "^2.5",
                "zendframework/zend-stdlib": "^2.7 || ^3.0",
                "zendframework/zend-validator": "^2.10.2"
            },
            "require-dev": {
                "phpunit/phpunit": "^5.7.25 || ^6.4.4 || ^7.1.4",
                "zendframework/zend-coding-standard": "~1.0.0",
                "zendframework/zend-config": "^2.6",
                "zendframework/zend-crypt": "^2.6 || ^3.0",
                "zendframework/zend-servicemanager": "^2.7.10 || ^3.3.1"
            },
            "suggest": {
                "zendframework/zend-crypt": "Crammd5 support in SMTP Auth",
                "zendframework/zend-servicemanager": "^2.7.10 || ^3.3.1 when using SMTP to deliver messages"
            },
            "type": "library",
            "extra": {
                "branch-alias": {
                    "dev-master": "2.10.x-dev",
                    "dev-develop": "2.11.x-dev"
                },
                "zf": {
                    "component": "Zend\\Mail",
                    "config-provider": "Zend\\Mail\\ConfigProvider"
                }
            },
            "autoload": {
                "psr-4": {
                    "Zend\\Mail\\": "src/"
                }
            },
            "notification-url": "https://packagist.org/downloads/",
            "license": [
                "BSD-3-Clause"
            ],
            "description": "Provides generalized functionality to compose and send both text and MIME-compliant multipart e-mail messages",
            "keywords": [
                "ZendFramework",
                "mail",
                "zf"
            ],
            "time": "2018-06-07T13:37:07+00:00"
        },
        {
            "name": "zendframework/zend-mime",
            "version": "2.7.1",
            "source": {
                "type": "git",
                "url": "https://github.com/zendframework/zend-mime.git",
                "reference": "52ae5fa9f12845cae749271034a2d594f0e4c6f2"
            },
            "dist": {
                "type": "zip",
                "url": "https://api.github.com/repos/zendframework/zend-mime/zipball/52ae5fa9f12845cae749271034a2d594f0e4c6f2",
                "reference": "52ae5fa9f12845cae749271034a2d594f0e4c6f2",
                "shasum": ""
            },
            "require": {
                "php": "^5.6 || ^7.0",
                "zendframework/zend-stdlib": "^2.7 || ^3.0"
            },
            "require-dev": {
                "phpunit/phpunit": "^5.7.21 || ^6.3",
                "zendframework/zend-coding-standard": "~1.0.0",
                "zendframework/zend-mail": "^2.6"
            },
            "suggest": {
                "zendframework/zend-mail": "Zend\\Mail component"
            },
            "type": "library",
            "extra": {
                "branch-alias": {
                    "dev-master": "2.7-dev",
                    "dev-develop": "2.8-dev"
                }
            },
            "autoload": {
                "psr-4": {
                    "Zend\\Mime\\": "src/"
                }
            },
            "notification-url": "https://packagist.org/downloads/",
            "license": [
                "BSD-3-Clause"
            ],
            "description": "Create and parse MIME messages and parts",
            "homepage": "https://github.com/zendframework/zend-mime",
            "keywords": [
                "ZendFramework",
                "mime",
                "zf"
            ],
            "time": "2018-05-14T19:02:50+00:00"
        },
        {
            "name": "zendframework/zend-stdlib",
            "version": "3.2.1",
            "source": {
                "type": "git",
                "url": "https://github.com/zendframework/zend-stdlib.git",
                "reference": "66536006722aff9e62d1b331025089b7ec71c065"
            },
            "dist": {
                "type": "zip",
                "url": "https://api.github.com/repos/zendframework/zend-stdlib/zipball/66536006722aff9e62d1b331025089b7ec71c065",
                "reference": "66536006722aff9e62d1b331025089b7ec71c065",
                "shasum": ""
            },
            "require": {
                "php": "^5.6 || ^7.0"
            },
            "require-dev": {
                "phpbench/phpbench": "^0.13",
                "phpunit/phpunit": "^5.7.27 || ^6.5.8 || ^7.1.2",
                "zendframework/zend-coding-standard": "~1.0.0"
            },
            "type": "library",
            "extra": {
                "branch-alias": {
                    "dev-master": "3.2.x-dev",
                    "dev-develop": "3.3.x-dev"
                }
            },
            "autoload": {
                "psr-4": {
                    "Zend\\Stdlib\\": "src/"
                }
            },
            "notification-url": "https://packagist.org/downloads/",
            "license": [
                "BSD-3-Clause"
            ],
            "description": "SPL extensions, array utilities, error handlers, and more",
            "keywords": [
                "ZendFramework",
                "stdlib",
                "zf"
            ],
            "time": "2018-08-28T21:34:05+00:00"
        },
        {
            "name": "zendframework/zend-validator",
            "version": "2.12.0",
            "source": {
                "type": "git",
                "url": "https://github.com/zendframework/zend-validator.git",
                "reference": "64c33668e5fa2d39c6289a878f927ea2b0850c30"
            },
            "dist": {
                "type": "zip",
                "url": "https://api.github.com/repos/zendframework/zend-validator/zipball/64c33668e5fa2d39c6289a878f927ea2b0850c30",
                "reference": "64c33668e5fa2d39c6289a878f927ea2b0850c30",
                "shasum": ""
            },
            "require": {
                "container-interop/container-interop": "^1.1",
                "php": "^5.6 || ^7.0",
                "zendframework/zend-stdlib": "^3.2.1"
            },
            "require-dev": {
                "phpunit/phpunit": "^6.0.8 || ^5.7.15",
                "psr/http-message": "^1.0",
                "zendframework/zend-cache": "^2.6.1",
                "zendframework/zend-coding-standard": "~1.0.0",
                "zendframework/zend-config": "^2.6",
                "zendframework/zend-db": "^2.7",
                "zendframework/zend-filter": "^2.6",
                "zendframework/zend-http": "^2.5.4",
                "zendframework/zend-i18n": "^2.6",
                "zendframework/zend-math": "^2.6",
                "zendframework/zend-servicemanager": "^2.7.5 || ^3.0.3",
                "zendframework/zend-session": "^2.8",
                "zendframework/zend-uri": "^2.5"
            },
            "suggest": {
                "psr/http-message": "psr/http-message, required when validating PSR-7 UploadedFileInterface instances via the Upload and UploadFile validators",
                "zendframework/zend-db": "Zend\\Db component, required by the (No)RecordExists validator",
                "zendframework/zend-filter": "Zend\\Filter component, required by the Digits validator",
                "zendframework/zend-i18n": "Zend\\I18n component to allow translation of validation error messages",
                "zendframework/zend-i18n-resources": "Translations of validator messages",
                "zendframework/zend-math": "Zend\\Math component, required by the Csrf validator",
                "zendframework/zend-servicemanager": "Zend\\ServiceManager component to allow using the ValidatorPluginManager and validator chains",
                "zendframework/zend-session": "Zend\\Session component, ^2.8; required by the Csrf validator",
                "zendframework/zend-uri": "Zend\\Uri component, required by the Uri and Sitemap\\Loc validators"
            },
            "type": "library",
            "extra": {
                "branch-alias": {
                    "dev-master": "2.12.x-dev",
                    "dev-develop": "2.13.x-dev"
                },
                "zf": {
                    "component": "Zend\\Validator",
                    "config-provider": "Zend\\Validator\\ConfigProvider"
                }
            },
            "autoload": {
                "psr-4": {
                    "Zend\\Validator\\": "src/"
                }
            },
            "notification-url": "https://packagist.org/downloads/",
            "license": [
                "BSD-3-Clause"
            ],
            "description": "provides a set of commonly needed validators",
            "homepage": "https://github.com/zendframework/zend-validator",
            "keywords": [
                "validator",
                "zf2"
            ],
            "time": "2019-01-30T14:26:10+00:00"
        },
        {
            "name": "zordius/lightncandy",
            "version": "v1.2.4",
            "source": {
                "type": "git",
                "url": "https://github.com/zordius/lightncandy.git",
                "reference": "dfdb910ae7b59e274f1ff97d29b724871f01b4cc"
            },
            "dist": {
                "type": "zip",
                "url": "https://api.github.com/repos/zordius/lightncandy/zipball/dfdb910ae7b59e274f1ff97d29b724871f01b4cc",
                "reference": "dfdb910ae7b59e274f1ff97d29b724871f01b4cc",
                "shasum": ""
            },
            "require": {
                "php": ">=5.4.0"
            },
            "require-dev": {
                "phpunit/phpunit": "^7"
            },
            "type": "library",
            "extra": {
                "branch-alias": {
                    "dev-master": "1.2.5-dev"
                }
            },
            "autoload": {
                "psr-4": {
                    "LightnCandy\\": "src"
                }
            },
            "notification-url": "https://packagist.org/downloads/",
            "license": [
                "MIT"
            ],
            "authors": [
                {
                    "name": "Zordius Chen",
                    "email": "zordius@gmail.com"
                }
            ],
            "description": "An extremely fast PHP implementation of handlebars ( http://handlebarsjs.com/ ) and mustache ( http://mustache.github.io/ ).",
            "homepage": "https://github.com/zordius/lightncandy",
            "keywords": [
                "handlebars",
                "logicless",
                "mustache",
                "php",
                "template"
            ],
            "time": "2019-06-09T04:10:55+00:00"
        }
    ],
    "packages-dev": [],
    "aliases": [],
    "minimum-stability": "stable",
    "stability-flags": [],
    "prefer-stable": false,
    "prefer-lowest": false,
    "platform": {
        "php": ">=5.6",
        "ext-curl": "*",
        "ext-json": "*",
        "ext-zip": "*",
        "ext-mbstring": "*",
        "ext-exif": "*",
        "ext-gd": "*",
        "ext-openssl": "*"
    },
    "platform-dev": []
}
